
Microsoft Visual Studio Solution File, Format Version 12.00
# Visual Studio 14
VisualStudioVersion = 14.0.23107.0
MinimumVisualStudioVersion = 10.0.40219.1
Project("{FAE04EC0-301F-11D3-BF4B-00C04F79EFBC}") = "01.HumanStudentAndWorker", "HumanStudentAndWorker\01.HumanStudentAndWorker.csproj", "{6C7E082D-2EB1-4D60-AC24-36CBB56885CD}"
EndProject
Project("{FAE04EC0-301F-11D3-BF4B-00C04F79EFBC}") = "02.Animals", "02.Animals\02.Animals.csproj", "{8A944C06-282A-418B-BFFB-B6934C25764B}"
EndProject
Project("{FAE04EC0-301F-11D3-BF4B-00C04F79EFBC}") = "03.CompanyHierarchy", "03.CompanyHierarchy\03.CompanyHierarchy.csproj", "{416C7BFE-A7DC-477E-84D1-CC46FD1073C9}"
EndProject
Global
	GlobalSection(SolutionConfigurationPlatforms) = preSolution
		Debug|Any CPU = Debug|Any CPU
		Release|Any CPU = Release|Any CPU
	EndGlobalSection
	GlobalSection(ProjectConfigurationPlatforms) = postSolution
		{6C7E082D-2EB1-4D60-AC24-36CBB56885CD}.Debug|Any CPU.ActiveCfg = Debug|Any CPU
		{6C7E082D-2EB1-4D60-AC24-36CBB56885CD}.Debug|Any CPU.Build.0 = Debug|Any CPU
		{6C7E082D-2EB1-4D60-AC24-36CBB56885CD}.Release|Any CPU.ActiveCfg = Release|Any CPU
		{6C7E082D-2EB1-4D60-AC24-36CBB56885CD}.Release|Any CPU.Build.0 = Release|Any CPU
		{8A944C06-282A-418B-BFFB-B6934C25764B}.Debug|Any CPU.ActiveCfg = Debug|Any CPU
		{8A944C06-282A-418B-BFFB-B6934C25764B}.Debug|Any CPU.Build.0 = Debug|Any CPU
		{8A944C06-282A-418B-BFFB-B6934C25764B}.Release|Any CPU.ActiveCfg = Release|Any CPU
		{8A944C06-282A-418B-BFFB-B6934C25764B}.Release|Any CPU.Build.0 = Release|Any CPU
		{416C7BFE-A7DC-477E-84D1-CC46FD1073C9}.Debug|Any CPU.ActiveCfg = Debug|Any CPU
		{416C7BFE-A7DC-477E-84D1-CC46FD1073C9}.Debug|Any CPU.Build.0 = Debug|Any CPU
		{416C7BFE-A7DC-477E-84D1-CC46FD1073C9}.Release|Any CPU.ActiveCfg = Release|Any CPU
		{416C7BFE-A7DC-477E-84D1-CC46FD1073C9}.Release|Any CPU.Build.0 = Release|Any CPU
	EndGlobalSection
	GlobalSection(SolutionProperties) = preSolution
		HideSolutionNode = FALSE
	EndGlobalSection
EndGlobal
